
Microsoft Visual Studio Solution File, Format Version 12.00
# Visual Studio 15
VisualStudioVersion = 15.0.26124.0
MinimumVisualStudioVersion = 15.0.26124.0
Project("{F2A71F9B-5D33-465A-A702-920D77279786}") = "fsharpstrategy", "fsharpstrategy\fsharpstrategy.fsproj", "{D7221232-A18C-44F0-8969-D8288253C3FF}"
EndProject
Project("{FAE04EC0-301F-11D3-BF4B-00C04F79EFBC}") = "csharpstrategy", "csharpstrategy\csharpstrategy.csproj", "{FCDF749E-D78C-4996-99F1-582BEE0734EC}"
EndProject
Global
	GlobalSection(SolutionConfigurationPlatforms) = preSolution
		Debug|Any CPU = Debug|Any CPU
		Debug|x64 = Debug|x64
		Debug|x86 = Debug|x86
		Release|Any CPU = Release|Any CPU
		Release|x64 = Release|x64
		Release|x86 = Release|x86
	EndGlobalSection
	GlobalSection(SolutionProperties) = preSolution
		HideSolutionNode = FALSE
	EndGlobalSection
	GlobalSection(ProjectConfigurationPlatforms) = postSolution
		{D7221232-A18C-44F0-8969-D8288253C3FF}.Debug|Any CPU.ActiveCfg = Debug|Any CPU
		{D7221232-A18C-44F0-8969-D8288253C3FF}.Debug|Any CPU.Build.0 = Debug|Any CPU
		{D7221232-A18C-44F0-8969-D8288253C3FF}.Debug|x64.ActiveCfg = Debug|Any CPU
		{D7221232-A18C-44F0-8969-D8288253C3FF}.Debug|x64.Build.0 = Debug|Any CPU
		{D7221232-A18C-44F0-8969-D8288253C3FF}.Debug|x86.ActiveCfg = Debug|Any CPU
		{D7221232-A18C-44F0-8969-D8288253C3FF}.Debug|x86.Build.0 = Debug|Any CPU
		{D7221232-A18C-44F0-8969-D8288253C3FF}.Release|Any CPU.ActiveCfg = Release|Any CPU
		{D7221232-A18C-44F0-8969-D8288253C3FF}.Release|Any CPU.Build.0 = Release|Any CPU
		{D7221232-A18C-44F0-8969-D8288253C3FF}.Release|x64.ActiveCfg = Release|Any CPU
		{D7221232-A18C-44F0-8969-D8288253C3FF}.Release|x64.Build.0 = Release|Any CPU
		{D7221232-A18C-44F0-8969-D8288253C3FF}.Release|x86.ActiveCfg = Release|Any CPU
		{D7221232-A18C-44F0-8969-D8288253C3FF}.Release|x86.Build.0 = Release|Any CPU
		{FCDF749E-D78C-4996-99F1-582BEE0734EC}.Debug|Any CPU.ActiveCfg = Debug|Any CPU
		{FCDF749E-D78C-4996-99F1-582BEE0734EC}.Debug|Any CPU.Build.0 = Debug|Any CPU
		{FCDF749E-D78C-4996-99F1-582BEE0734EC}.Debug|x64.ActiveCfg = Debug|Any CPU
		{FCDF749E-D78C-4996-99F1-582BEE0734EC}.Debug|x64.Build.0 = Debug|Any CPU
		{FCDF749E-D78C-4996-99F1-582BEE0734EC}.Debug|x86.ActiveCfg = Debug|Any CPU
		{FCDF749E-D78C-4996-99F1-582BEE0734EC}.Debug|x86.Build.0 = Debug|Any CPU
		{FCDF749E-D78C-4996-99F1-582BEE0734EC}.Release|Any CPU.ActiveCfg = Release|Any CPU
		{FCDF749E-D78C-4996-99F1-582BEE0734EC}.Release|Any CPU.Build.0 = Release|Any CPU
		{FCDF749E-D78C-4996-99F1-582BEE0734EC}.Release|x64.ActiveCfg = Release|Any CPU
		{FCDF749E-D78C-4996-99F1-582BEE0734EC}.Release|x64.Build.0 = Release|Any CPU
		{FCDF749E-D78C-4996-99F1-582BEE0734EC}.Release|x86.ActiveCfg = Release|Any CPU
		{FCDF749E-D78C-4996-99F1-582BEE0734EC}.Release|x86.Build.0 = Release|Any CPU
	EndGlobalSection
EndGlobal
